// !$*UTF8*$!
{
	archiveVersion = 1;
	classes = {
	};
	objectVersion = 50;
	objects = {

/* Begin PBXBuildFile section */
		65CCD5DC21A89D240035785C /* AppDelegate.swift in Sources */ = {isa = PBXBuildFile; fileRef = 65CCD5DB21A89D240035785C /* AppDelegate.swift */; };
		65CCD5DE21A89D240035785C /* ViewController.swift in Sources */ = {isa = PBXBuildFile; fileRef = 65CCD5DD21A89D240035785C /* ViewController.swift */; };
		65CCD5E121A89D240035785C /* Main.storyboard in Resources */ = {isa = PBXBuildFile; fileRef = 65CCD5DF21A89D240035785C /* Main.storyboard */; };
		65CCD5E421A89D240035785C /* HelpNicthe.xcdatamodeld in Sources */ = {isa = PBXBuildFile; fileRef = 65CCD5E221A89D240035785C /* HelpNicthe.xcdatamodeld */; };
		65CCD5E621A89D2E0035785C /* Assets.xcassets in Resources */ = {isa = PBXBuildFile; fileRef = 65CCD5E521A89D2E0035785C /* Assets.xcassets */; };
		65CCD5E921A89D2E0035785C /* LaunchScreen.storyboard in Resources */ = {isa = PBXBuildFile; fileRef = 65CCD5E721A89D2E0035785C /* LaunchScreen.storyboard */; };
/* End PBXBuildFile section */

/* Begin PBXFileReference section */
		65CCD5D821A89D230035785C /* HelpNicthe.app */ = {isa = PBXFileReference; explicitFileType = wrapper.application; includeInIndex = 0; path = HelpNicthe.app; sourceTree = BUILT_PRODUCTS_DIR; };
		65CCD5DB21A89D240035785C /* AppDelegate.swift */ = {isa = PBXFileReference; lastKnownFileType = sourcecode.swift; path = AppDelegate.swift; sourceTree = "<group>"; };
		65CCD5DD21A89D240035785C /* ViewController.swift */ = {isa = PBXFileReference; lastKnownFileType = sourcecode.swift; path = ViewController.swift; sourceTree = "<group>"; };
		65CCD5E021A89D240035785C /* Base */ = {isa = PBXFileReference; lastKnownFileType = file.storyboard; name = Base; path = Base.lproj/Main.storyboard; sourceTree = "<group>"; };
		65CCD5E321A89D240035785C /* HelpNicthe.xcdatamodel */ = {isa = PBXFileReference; lastKnownFileType = wrapper.xcdatamodel; path = HelpNicthe.xcdatamodel; sourceTree = "<group>"; };
		65CCD5E521A89D2E0035785C /* Assets.xcassets */ = {isa = PBXFileReference; lastKnownFileType = folder.assetcatalog; path = Assets.xcassets; sourceTree = "<group>"; };
		65CCD5E821A89D2E0035785C /* Base */ = {isa = PBXFileReference; lastKnownFileType = file.storyboard; name = Base; path = Base.lproj/LaunchScreen.storyboard; sourceTree = "<group>"; };
		65CCD5EA21A89D2E0035785C /* Info.plist */ = {isa = PBXFileReference; lastKnownFileType = text.plist.xml; path = Info.plist; sourceTree = "<group>"; };
/* End PBXFileReference section */

/* Begin PBXFrameworksBuildPhase section */
		65CCD5D521A89D230035785C /* Frameworks */ = {
			isa = PBXFrameworksBuildPhase;
			buildActionMask = 2147483647;
			files = (
			);
			runOnlyForDeploymentPostprocessing = 0;
		};
/* End PBXFrameworksBuildPhase section */

/* Begin PBXGroup section */
		65CCD5CF21A89D230035785C = {
			isa = PBXGroup;
			children = (
				65CCD5DA21A89D230035785C /* HelpNicthe */,
				65CCD5D921A89D230035785C /* Products */,
			);
			sourceTree = "<group>";
		};
		65CCD5D921A89D230035785C /* Products */ = {
			isa = PBXGroup;
			children = (
				65CCD5D821A89D230035785C /* HelpNicthe.app */,
			);
			name = Products;
			sourceTree = "<group>";
		};
		65CCD5DA21A89D230035785C /* HelpNicthe */ = {
			isa = PBXGroup;
			children = (
				65CCD5DB21A89D240035785C /* AppDelegate.swift */,
				65CCD5DD21A89D240035785C /* ViewController.swift */,
				65CCD5DF21A89D240035785C /* Main.storyboard */,
				65CCD5E521A89D2E0035785C /* Assets.xcassets */,
				65CCD5E721A89D2E0035785C /* LaunchScreen.storyboard */,
				65CCD5EA21A89D2E0035785C /* Info.plist */,
				65CCD5E221A89D240035785C /* HelpNicthe.xcdatamodeld */,
			);
			path = HelpNicthe;
			sourceTree = "<group>";
		};
/* End PBXGroup section */

/* Begin PBXNativeTarget section */
		65CCD5D721A89D230035785C /* HelpNicthe */ = {
			isa = PBXNativeTarget;
			buildConfigurationList = 65CCD5ED21A89D2E0035785C /* Build configuration list for PBXNativeTarget "HelpNicthe" */;
			buildPhases = (
				65CCD5D421A89D230035785C /* Sources */,
				65CCD5D521A89D230035785C /* Frameworks */,
				65CCD5D621A89D230035785C /* Resources */,
			);
			buildRules = (
			);
			dependencies = (
			);
			name = HelpNicthe;
			productName = HelpNicthe;
			productReference = 65CCD5D821A89D230035785C /* HelpNicthe.app */;
			productType = "com.apple.product-type.application";
		};
/* End PBXNativeTarget section */

/* Begin PBXProject section */
		65CCD5D021A89D230035785C /* Project object */ = {
			isa = PBXProject;
			attributes = {
				LastSwiftUpdateCheck = 1010;
				LastUpgradeCheck = 1010;
				ORGANIZATIONNAME = Kish;
				TargetAttributes = {
					65CCD5D721A89D230035785C = {
						CreatedOnToolsVersion = 10.1;
					};
				};
			};
			buildConfigurationList = 65CCD5D321A89D230035785C /* Build configuration list for PBXProject "HelpNicthe" */;
			compatibilityVersion = "Xcode 9.3";
			developmentRegion = en;
			hasScannedForEncodings = 0;
			knownRegions = (
				en,
				Base,
			);
			mainGroup = 65CCD5CF21A89D230035785C;
			productRefGroup = 65CCD5D921A89D230035785C /* Products */;
			projectDirPath = "";
			projectRoot = "";
			targets = (
				65CCD5D721A89D230035785C /* HelpNicthe */,
			);
		};
/* End PBXProject section */

/* Begin PBXResourcesBuildPhase section */
		65CCD5D621A89D230035785C /* Resources */ = {
			isa = PBXResourcesBuildPhase;
			buildActionMask = 2147483647;
			files = (
				65CCD5E921A89D2E0035785C /* LaunchScreen.storyboard in Resources */,
				65CCD5E621A89D2E0035785C /* Assets.xcassets in Resources */,
				65CCD5E121A89D240035785C /* Main.storyboard in Resources */,
			);
			runOnlyForDeploymentPostprocessing = 0;
		};
/* End PBXResourcesBuildPhase section */

/* Begin PBXSourcesBuildPhase section */
		65CCD5D421A89D230035785C /* Sources */ = {
			isa = PBXSourcesBuildPhase;
			buildActionMask = 2147483647;
			files = (
				65CCD5DE21A89D240035785C /* ViewController.swift in Sources */,
				65CCD5E421A89D240035785C /* HelpNicthe.xcdatamodeld in Sources */,
				65CCD5DC21A89D240035785C /* AppDelegate.swift in Sources */,
			);
			runOnlyForDeploymentPostprocessing = 0;
		};
/* End PBXSourcesBuildPhase section */

/* Begin PBXVariantGroup section */
		65CCD5DF21A89D240035785C /* Main.storyboard */ = {
			isa = PBXVariantGroup;
			children = (
				65CCD5E021A89D240035785C /* Base */,
			);
			name = Main.storyboard;
			sourceTree = "<group>";
		};
		65CCD5E721A89D2E0035785C /* LaunchScreen.storyboard */ = {
			isa = PBXVariantGroup;
			children = (
				65CCD5E821A89D2E0035785C /* Base */,
			);
			name = LaunchScreen.storyboard;
			sourceTree = "<group>";
		};
/* End PBXVariantGroup section */

/* Begin XCBuildConfiguration section */
		65CCD5EB21A89D2E0035785C /* Debug */ = {
			isa = XCBuildConfiguration;
			buildSettings = {
				ALWAYS_SEARCH_USER_PATHS = NO;
				CLANG_ANALYZER_NONNULL = YES;
				CLANG_ANALYZER_NUMBER_OBJECT_CONVERSION = YES_AGGRESSIVE;
				CLANG_CXX_LANGUAGE_STANDARD = "gnu++14";
				CLANG_CXX_LIBRARY = "libc++";
				CLANG_ENABLE_MODULES = YES;
				CLANG_ENABLE_OBJC_ARC = YES;
				CLANG_ENABLE_OBJC_WEAK = YES;
				CLANG_WARN_BLOCK_CAPTURE_AUTORELEASING = YES;
				CLANG_WARN_BOOL_CONVERSION = YES;
				CLANG_WARN_COMMA = YES;
				CLANG_WARN_CONSTANT_CONVERSION = YES;
				CLANG_WARN_DEPRECATED_OBJC_IMPLEMENTATIONS = YES;
				CLANG_WARN_DIRECT_OBJC_ISA_USAGE = YES_ERROR;
				CLANG_WARN_DOCUMENTATION_COMMENTS = YES;
				CLANG_WARN_EMPTY_BODY = YES;
				CLANG_WARN_ENUM_CONVERSION = YES;
				CLANG_WARN_INFINITE_RECURSION = YES;
				CLANG_WARN_INT_CONVERSION = YES;
				CLANG_WARN_NON_LITERAL_NULL_CONVERSION = YES;
				CLANG_WARN_OBJC_IMPLICIT_RETAIN_SELF = YES;
				CLANG_WARN_OBJC_LITERAL_CONVERSION = YES;
				CLANG_WARN_OBJC_ROOT_CLASS = YES_ERROR;
				CLANG_WARN_RANGE_LOOP_ANALYSIS = YES;
				CLANG_WARN_STRICT_PROTOTYPES = YES;
				CLANG_WARN_SUSPICIOUS_MOVE = YES;
				CLANG_WARN_UNGUARDED_AVAILABILITY = YES_AGGRESSIVE;
				CLANG_WARN_UNREACHABLE_CODE = YES;
				CLANG_WARN__DUPLICATE_METHOD_MATCH = YES;
				CODE_SIGN_IDENTITY = "iPhone Developer";
				COPY_PHASE_STRIP = NO;
				DEBUG_INFORMATION_FORMAT = dwarf;
				ENABLE_STRICT_OBJC_MSGSEND = YES;
				ENABLE_TESTABILITY = YES;
				GCC_C_LANGUAGE_STANDARD = gnu11;
				GCC_DYNAMIC_NO_PIC = NO;
				GCC_NO_COMMON_BLOCKS = YES;
				GCC_OPTIMIZATION_LEVEL = 0;
				GCC_PREPROCESSOR_DEFINITIONS = (
					"DEBUG=1",
					"$(inherited)",
				);
				GCC_WARN_64_TO_32_BIT_CONVERSION = YES;
				GCC_WARN_ABOUT_RETURN_TYPE = YES_ERROR;
				GCC_WARN_UNDECLARED_SELECTOR = YES;
				GCC_WARN_UNINITIALIZED_AUTOS = YES_AGGRESSIVE;
				GCC_WARN_UNUSED_FUNCTION = YES;
				GCC_WARN_UNUSED_VARIABLE = YES;
				IPHONEOS_DEPLOYMENT_TARGET = 12.1;
				MTL_ENABLE_DEBUG_INFO = INCLUDE_SOURCE;
				MTL_FAST_MATH = YES;
				ONLY_ACTIVE_ARCH = YES;
				SDKROOT = iphoneos;
				SWIFT_ACTIVE_COMPILATION_CONDITIONS = DEBUG;
				SWIFT_OPTIMIZATION_LEVEL = "-Onone";
			};
			name = Debug;
		};
		65CCD5EC21A89D2E0035785C /* Release */ = {
			isa = XCBuildConfiguration;
			buildSettings = {
				ALWAYS_SEARCH_USER_PATHS = NO;
				CLANG_ANALYZER_NONNULL = YES;
				CLANG_ANALYZER_NUMBER_OBJECT_CONVERSION = YES_AGGRESSIVE;
				CLANG_CXX_LANGUAGE_STANDARD = "gnu++14";
				CLANG_CXX_LIBRARY = "libc++";
				CLANG_ENABLE_MODULES = YES;
				CLANG_ENABLE_OBJC_ARC = YES;
				CLANG_ENABLE_OBJC_WEAK = YES;
				CLANG_WARN_BLOCK_CAPTURE_AUTORELEASING = YES;
				CLANG_WARN_BOOL_CONVERSION = YES;
				CLANG_WARN_COMMA = YES;
				CLANG_WARN_CONSTANT_CONVERSION = YES;
				CLANG_WARN_DEPRECATED_OBJC_IMPLEMENTATIONS = YES;
				CLANG_WARN_DIRECT_OBJC_ISA_USAGE = YES_ERROR;
				CLANG_WARN_DOCUMENTATION_COMMENTS = YES;
				CLANG_WARN_EMPTY_BODY = YES;
				CLANG_WARN_ENUM_CONVERSION = YES;
				CLANG_WARN_INFINITE_RECURSION = YES;
				CLANG_WARN_INT_CONVERSION = YES;
				CLANG_WARN_NON_LITERAL_NULL_CONVERSION = YES;
				CLANG_WARN_OBJC_IMPLICIT_RETAIN_SELF = YES;
				CLANG_WARN_OBJC_LITERAL_CONVERSION = YES;
				CLANG_WARN_OBJC_ROOT_CLASS = YES_ERROR;
				CLANG_WARN_RANGE_LOOP_ANALYSIS = YES;
				CLANG_WARN_STRICT_PROTOTYPES = YES;
				CLANG_WARN_SUSPICIOUS_MOVE = YES;
				CLANG_WARN_UNGUARDED_AVAILABILITY = YES_AGGRESSIVE;
				CLANG_WARN_UNREACHABLE_CODE = YES;
				CLANG_WARN__DUPLICATE_METHOD_MATCH = YES;
				CODE_SIGN_IDENTITY = "iPhone Developer";
				COPY_PHASE_STRIP = NO;
				DEBUG_INFORMATION_FORMAT = "dwarf-with-dsym";
				ENABLE_NS_ASSERTIONS = NO;
				ENABLE_STRICT_OBJC_MSGSEND = YES;
				GCC_C_LANGUAGE_STANDARD = gnu11;
				GCC_NO_COMMON_BLOCKS = YES;
				GCC_WARN_64_TO_32_BIT_CONVERSION = YES;
				GCC_WARN_ABOUT_RETURN_TYPE = YES_ERROR;
				GCC_WARN_UNDECLARED_SELECTOR = YES;
				GCC_WARN_UNINITIALIZED_AUTOS = YES_AGGRESSIVE;
				GCC_WARN_UNUSED_FUNCTION = YES;
				GCC_WARN_UNUSED_VARIABLE = YES;
				IPHONEOS_DEPLOYMENT_TARGET = 12.1;
				MTL_ENABLE_DEBUG_INFO = NO;
				MTL_FAST_MATH = YES;
				SDKROOT = iphoneos;
				SWIFT_COMPILATION_MODE = wholemodule;
				SWIFT_OPTIMIZATION_LEVEL = "-O";
				VALIDATE_PRODUCT = YES;
			};
			name = Release;
		};
		65CCD5EE21A89D2E0035785C /* Debug */ = {
			isa = XCBuildConfiguration;
			buildSettings = {
				ASSETCATALOG_COMPILER_APPICON_NAME = AppIcon;
				CODE_SIGN_STYLE = Automatic;
				DEVELOPMENT_TEAM = XQLVBEDK48;
				INFOPLIST_FILE = HelpNicthe/Info.plist;
				LD_RUNPATH_SEARCH_PATHS = (
					"$(inherited)",
					"@executable_path/Frameworks",
				);
				PRODUCT_BUNDLE_IDENTIFIER = la.kish.HelpNicthe;
				PRODUCT_NAME = "$(TARGET_NAME)";
				SWIFT_VERSION = 4.2;
				TARGETED_DEVICE_FAMILY = "1,2";
			};
			name = Debug;
		};
		65CCD5EF21A89D2E0035785C /* Release */ = {
			isa = XCBuildConfiguration;
			buildSettings = {
				ASSETCATALOG_COMPILER_APPICON_NAME = AppIcon;
				CODE_SIGN_STYLE = Automatic;
				DEVELOPMENT_TEAM = XQLVBEDK48;
				INFOPLIST_FILE = HelpNicthe/Info.plist;
				LD_RUNPATH_SEARCH_PATHS = (
					"$(inherited)",
					"@executable_path/Frameworks",
				);
				PRODUCT_BUNDLE_IDENTIFIER = la.kish.HelpNicthe;
				PRODUCT_NAME = "$(TARGET_NAME)";
				SWIFT_VERSION = 4.2;
				TARGETED_DEVICE_FAMILY = "1,2";
			};
			name = Release;
		};
/* End XCBuildConfiguration section */

/* Begin XCConfigurationList section */
		65CCD5D321A89D230035785C /* Build configuration list for PBXProject "HelpNicthe" */ = {
			isa = XCConfigurationList;
			buildConfigurations = (
				65CCD5EB21A89D2E0035785C /* Debug */,
				65CCD5EC21A89D2E0035785C /* Release */,
			);
			defaultConfigurationIsVisible = 0;
			defaultConfigurationName = Release;
		};
		65CCD5ED21A89D2E0035785C /* Build configuration list for PBXNativeTarget "HelpNicthe" */ = {
			isa = XCConfigurationList;
			buildConfigurations = (
				65CCD5EE21A89D2E0035785C /* Debug */,
				65CCD5EF21A89D2E0035785C /* Release */,
			);
			defaultConfigurationIsVisible = 0;
			defaultConfigurationName = Release;
		};
/* End XCConfigurationList section */

/* Begin XCVersionGroup section */
		65CCD5E221A89D240035785C /* HelpNicthe.xcdatamodeld */ = {
			isa = XCVersionGroup;
			children = (
				65CCD5E321A89D240035785C /* HelpNicthe.xcdatamodel */,
			);
			currentVersion = 65CCD5E321A89D240035785C /* HelpNicthe.xcdatamodel */;
			path = HelpNicthe.xcdatamodeld;
			sourceTree = "<group>";
			versionGroupType = wrapper.xcdatamodel;
		};
/* End XCVersionGroup section */
	};
	rootObject = 65CCD5D021A89D230035785C /* Project object */;
}
